{
  "originHash" : "0e59b65a78c44cc75f99dcea8c9ec4c31ef76dcebd3379ce82e434b9cfa601f3",
  "pins" : [
    {
      "identity" : "swift-llm-kit",
      "kind" : "remoteSourceControl",
      "location" : "git@github.com:drewster99/swift-llm-kit.git",
      "state" : {
        "revision" : "d7b7d614e5bc56bda1106b7e355e91ab79576131",
        "version" : "0.0.8"
      }
    }
  ],
  "version" : 3
}
