{
  "originHash" : "0e59b65a78c44cc75f99dcea8c9ec4c31ef76dcebd3379ce82e434b9cfa601f3",
  "pins" : [
    {
      "identity" : "swift-llm-kit",
      "kind" : "remoteSourceControl",
      "location" : "git@github.com:drewster99/swift-llm-kit.git",
      "state" : {
        "revision" : "c7f40832879dcb6cf8ad063c4806fbf760009c20",
        "version" : "0.0.7"
      }
    }
  ],
  "version" : 3
}
