{
  "originHash" : "d657703357811918c5e3404e7d5feb66b336342e4b69ddec96978c0093da8761",
  "pins" : [
    {
      "identity" : "swift-llm-kit",
      "kind" : "remoteSourceControl",
      "location" : "git@github.com:drewster99/swift-llm-kit.git",
      "state" : {
        "revision" : "6f4999213fe4b876f2ad3f0e3667011936575e82",
        "version" : "0.0.6"
      }
    }
  ],
  "version" : 3
}
